
Microsoft Visual Studio Solution File, Format Version 12.00
# Visual Studio Version 16
VisualStudioVersion = 16.0.29728.190
MinimumVisualStudioVersion = 10.0.40219.1
Project("{FAE04EC0-301F-11D3-BF4B-00C04F79EFBC}") = "Queue", "Queue\Queue.csproj", "{F1AF6B76-78CF-4C39-B85E-990E1CE85B2F}"
EndProject
Global
	GlobalSection(SolutionConfigurationPlatforms) = preSolution
		Debug|Any CPU = Debug|Any CPU
		Release|Any CPU = Release|Any CPU
	EndGlobalSection
	GlobalSection(ProjectConfigurationPlatforms) = postSolution
		{F1AF6B76-78CF-4C39-B85E-990E1CE85B2F}.Debug|Any CPU.ActiveCfg = Debug|Any CPU
		{F1AF6B76-78CF-4C39-B85E-990E1CE85B2F}.Debug|Any CPU.Build.0 = Debug|Any CPU
		{F1AF6B76-78CF-4C39-B85E-990E1CE85B2F}.Release|Any CPU.ActiveCfg = Release|Any CPU
		{F1AF6B76-78CF-4C39-B85E-990E1CE85B2F}.Release|Any CPU.Build.0 = Release|Any CPU
	EndGlobalSection
	GlobalSection(SolutionProperties) = preSolution
		HideSolutionNode = FALSE
	EndGlobalSection
	GlobalSection(ExtensibilityGlobals) = postSolution
		SolutionGuid = {67EC9C75-E75A-4C04-97FA-BAB45CB37C2C}
	EndGlobalSection
EndGlobal
